
Microsoft Visual Studio Solution File, Format Version 12.00
# Visual Studio Version 17
VisualStudioVersion = 17.3.32922.545
MinimumVisualStudioVersion = 10.0.40219.1
Project("{8BC9CEB8-8B4A-11D0-8D11-00A0C91BC942}") = "TEP-Lista-4", "TEP-Lista-4\TEP-Lista-4.vcxproj", "{87002891-26A8-4953-BB7F-415BB4FE1660}"
EndProject
Global
	GlobalSection(SolutionConfigurationPlatforms) = preSolution
		Debug|x64 = Debug|x64
		Debug|x86 = Debug|x86
		Release|x64 = Release|x64
		Release|x86 = Release|x86
	EndGlobalSection
	GlobalSection(ProjectConfigurationPlatforms) = postSolution
		{87002891-26A8-4953-BB7F-415BB4FE1660}.Debug|x64.ActiveCfg = Debug|x64
		{87002891-26A8-4953-BB7F-415BB4FE1660}.Debug|x64.Build.0 = Debug|x64
		{87002891-26A8-4953-BB7F-415BB4FE1660}.Debug|x86.ActiveCfg = Debug|Win32
		{87002891-26A8-4953-BB7F-415BB4FE1660}.Debug|x86.Build.0 = Debug|Win32
		{87002891-26A8-4953-BB7F-415BB4FE1660}.Release|x64.ActiveCfg = Release|x64
		{87002891-26A8-4953-BB7F-415BB4FE1660}.Release|x64.Build.0 = Release|x64
		{87002891-26A8-4953-BB7F-415BB4FE1660}.Release|x86.ActiveCfg = Release|Win32
		{87002891-26A8-4953-BB7F-415BB4FE1660}.Release|x86.Build.0 = Release|Win32
	EndGlobalSection
	GlobalSection(SolutionProperties) = preSolution
		HideSolutionNode = FALSE
	EndGlobalSection
	GlobalSection(ExtensibilityGlobals) = postSolution
		SolutionGuid = {585A4FA1-6C1D-4043-892A-997AE29ABCD8}
	EndGlobalSection
EndGlobal
